// !$*UTF8*$!
{
	archiveVersion = 1;
	classes = {
	};
	objectVersion = 51;
	objects = {

/* Begin PBXBuildFile section */
		F6100A532565E4F500B8122A /* AppDelegate.swift in Sources */ = {isa = PBXBuildFile; fileRef = F6100A522565E4F500B8122A /* AppDelegate.swift */; };
		F6100A552565E4F500B8122A /* SceneDelegate.swift in Sources */ = {isa = PBXBuildFile; fileRef = F6100A542565E4F500B8122A /* SceneDelegate.swift */; };
		F6100A572565E4F500B8122A /* ViewController.swift in Sources */ = {isa = PBXBuildFile; fileRef = F6100A562565E4F500B8122A /* ViewController.swift */; };
		F6100A5A2565E4F500B8122A /* Main.storyboard in Resources */ = {isa = PBXBuildFile; fileRef = F6100A582565E4F500B8122A /* Main.storyboard */; };
		F6100A5C2565E4F700B8122A /* Assets.xcassets in Resources */ = {isa = PBXBuildFile; fileRef = F6100A5B2565E4F700B8122A /* Assets.xcassets */; };
		F6100A5F2565E4F700B8122A /* LaunchScreen.storyboard in Resources */ = {isa = PBXBuildFile; fileRef = F6100A5D2565E4F700B8122A /* LaunchScreen.storyboard */; };
		F6100A842565E9F500B8122A /* GoogleService-Info.plist in Resources */ = {isa = PBXBuildFile; fileRef = F6100A832565E9F500B8122A /* GoogleService-Info.plist */; };
		F6100AAA2566A85C00B8122A /* Global variables.swift in Sources */ = {isa = PBXBuildFile; fileRef = F6100AA92566A85C00B8122A /* Global variables.swift */; };
		F6100AD725671FE000B8122A /* PopUpInputVC.swift in Sources */ = {isa = PBXBuildFile; fileRef = F6100AD625671FE000B8122A /* PopUpInputVC.swift */; };
		F6100ADD25674B6100B8122A /* Prompts.swift in Sources */ = {isa = PBXBuildFile; fileRef = F6100ADC25674B6100B8122A /* Prompts.swift */; };
		F6100AE02567AFD700B8122A /* TextFieldNilExtenstion.swift in Sources */ = {isa = PBXBuildFile; fileRef = F6100ADF2567AFD700B8122A /* TextFieldNilExtenstion.swift */; };
		F6100AE9256830FA00B8122A /* ClientLoading.swift in Sources */ = {isa = PBXBuildFile; fileRef = F6100AE8256830FA00B8122A /* ClientLoading.swift */; };
		F63E1D9D2573280D000762DC /* buttonExtention.swift in Sources */ = {isa = PBXBuildFile; fileRef = F63E1D9C2573280D000762DC /* buttonExtention.swift */; };
		F63E1DA025735733000762DC /* Queries.swift in Sources */ = {isa = PBXBuildFile; fileRef = F63E1D9F25735733000762DC /* Queries.swift */; };
		F6D228C4256C6702001F3960 /* ClientTableViewControllerwithCard.swift in Sources */ = {isa = PBXBuildFile; fileRef = F6D228C3256C6702001F3960 /* ClientTableViewControllerwithCard.swift */; };
		F6D228C7256C68F2001F3960 /* DesignView.swift in Sources */ = {isa = PBXBuildFile; fileRef = F6D228C6256C68F2001F3960 /* DesignView.swift */; };
		F6D228CA256C7125001F3960 /* CardTableViewCell.swift in Sources */ = {isa = PBXBuildFile; fileRef = F6D228C9256C7125001F3960 /* CardTableViewCell.swift */; };
		FDB28C9904BAEAD348F80E09 /* Pods_Pricing_Right.framework in Frameworks */ = {isa = PBXBuildFile; fileRef = 924B8F6A722EF5E43649E6CD /* Pods_Pricing_Right.framework */; };
/* End PBXBuildFile section */

/* Begin PBXFileReference section */
		265684FB411FD8CE45C52C70 /* Pods-Pricing Right.debug.xcconfig */ = {isa = PBXFileReference; includeInIndex = 1; lastKnownFileType = text.xcconfig; name = "Pods-Pricing Right.debug.xcconfig"; path = "Target Support Files/Pods-Pricing Right/Pods-Pricing Right.debug.xcconfig"; sourceTree = "<group>"; };
		46A1889FEF912BAF0A70158E /* Pods-Pricing Right.release.xcconfig */ = {isa = PBXFileReference; includeInIndex = 1; lastKnownFileType = text.xcconfig; name = "Pods-Pricing Right.release.xcconfig"; path = "Target Support Files/Pods-Pricing Right/Pods-Pricing Right.release.xcconfig"; sourceTree = "<group>"; };
		924B8F6A722EF5E43649E6CD /* Pods_Pricing_Right.framework */ = {isa = PBXFileReference; explicitFileType = wrapper.framework; includeInIndex = 0; path = Pods_Pricing_Right.framework; sourceTree = BUILT_PRODUCTS_DIR; };
		F6100A4F2565E4F500B8122A /* Pricing Right.app */ = {isa = PBXFileReference; explicitFileType = wrapper.application; includeInIndex = 0; path = "Pricing Right.app"; sourceTree = BUILT_PRODUCTS_DIR; };
		F6100A522565E4F500B8122A /* AppDelegate.swift */ = {isa = PBXFileReference; lastKnownFileType = sourcecode.swift; path = AppDelegate.swift; sourceTree = "<group>"; };
		F6100A542565E4F500B8122A /* SceneDelegate.swift */ = {isa = PBXFileReference; lastKnownFileType = sourcecode.swift; path = SceneDelegate.swift; sourceTree = "<group>"; };
		F6100A562565E4F500B8122A /* ViewController.swift */ = {isa = PBXFileReference; lastKnownFileType = sourcecode.swift; path = ViewController.swift; sourceTree = "<group>"; };
		F6100A592565E4F500B8122A /* Base */ = {isa = PBXFileReference; lastKnownFileType = file.storyboard; name = Base; path = Base.lproj/Main.storyboard; sourceTree = "<group>"; };
		F6100A5B2565E4F700B8122A /* Assets.xcassets */ = {isa = PBXFileReference; lastKnownFileType = folder.assetcatalog; path = Assets.xcassets; sourceTree = "<group>"; };
		F6100A5E2565E4F700B8122A /* Base */ = {isa = PBXFileReference; lastKnownFileType = file.storyboard; name = Base; path = Base.lproj/LaunchScreen.storyboard; sourceTree = "<group>"; };
		F6100A602565E4F700B8122A /* Info.plist */ = {isa = PBXFileReference; lastKnownFileType = text.plist.xml; path = Info.plist; sourceTree = "<group>"; };
		F6100A832565E9F500B8122A /* GoogleService-Info.plist */ = {isa = PBXFileReference; fileEncoding = 4; lastKnownFileType = text.plist.xml; path = "GoogleService-Info.plist"; sourceTree = "<group>"; };
		F6100AA92566A85C00B8122A /* Global variables.swift */ = {isa = PBXFileReference; lastKnownFileType = sourcecode.swift; path = "Global variables.swift"; sourceTree = "<group>"; };
		F6100AD425671F8000B8122A /* One_dance.ttf */ = {isa = PBXFileReference; lastKnownFileType = file; path = One_dance.ttf; sourceTree = "<group>"; };
		F6100AD625671FE000B8122A /* PopUpInputVC.swift */ = {isa = PBXFileReference; fileEncoding = 4; lastKnownFileType = sourcecode.swift; path = PopUpInputVC.swift; sourceTree = "<group>"; };
		F6100ADC25674B6100B8122A /* Prompts.swift */ = {isa = PBXFileReference; lastKnownFileType = sourcecode.swift; path = Prompts.swift; sourceTree = "<group>"; };
		F6100ADF2567AFD700B8122A /* TextFieldNilExtenstion.swift */ = {isa = PBXFileReference; lastKnownFileType = sourcecode.swift; path = TextFieldNilExtenstion.swift; sourceTree = "<group>"; };
		F6100AE8256830FA00B8122A /* ClientLoading.swift */ = {isa = PBXFileReference; lastKnownFileType = sourcecode.swift; path = ClientLoading.swift; sourceTree = "<group>"; };
		F63E1D9C2573280D000762DC /* buttonExtention.swift */ = {isa = PBXFileReference; lastKnownFileType = sourcecode.swift; path = buttonExtention.swift; sourceTree = "<group>"; };
		F63E1D9F25735733000762DC /* Queries.swift */ = {isa = PBXFileReference; lastKnownFileType = sourcecode.swift; path = Queries.swift; sourceTree = "<group>"; };
		F6D228C3256C6702001F3960 /* ClientTableViewControllerwithCard.swift */ = {isa = PBXFileReference; lastKnownFileType = sourcecode.swift; path = ClientTableViewControllerwithCard.swift; sourceTree = "<group>"; };
		F6D228C6256C68F2001F3960 /* DesignView.swift */ = {isa = PBXFileReference; fileEncoding = 4; lastKnownFileType = sourcecode.swift; path = DesignView.swift; sourceTree = "<group>"; };
		F6D228C9256C7125001F3960 /* CardTableViewCell.swift */ = {isa = PBXFileReference; lastKnownFileType = sourcecode.swift; path = CardTableViewCell.swift; sourceTree = "<group>"; };
/* End PBXFileReference section */

/* Begin PBXFrameworksBuildPhase section */
		F6100A4C2565E4F500B8122A /* Frameworks */ = {
			isa = PBXFrameworksBuildPhase;
			buildActionMask = 2147483647;
			files = (
				FDB28C9904BAEAD348F80E09 /* Pods_Pricing_Right.framework in Frameworks */,
			);
			runOnlyForDeploymentPostprocessing = 0;
		};
/* End PBXFrameworksBuildPhase section */

/* Begin PBXGroup section */
		0E2622B1F43E60C3B7931A87 /* Pods */ = {
			isa = PBXGroup;
			children = (
				265684FB411FD8CE45C52C70 /* Pods-Pricing Right.debug.xcconfig */,
				46A1889FEF912BAF0A70158E /* Pods-Pricing Right.release.xcconfig */,
			);
			path = Pods;
			sourceTree = "<group>";
		};
		D46974CC96E31E5C335CAF00 /* Frameworks */ = {
			isa = PBXGroup;
			children = (
				924B8F6A722EF5E43649E6CD /* Pods_Pricing_Right.framework */,
			);
			name = Frameworks;
			sourceTree = "<group>";
		};
		F6100A462565E4F500B8122A = {
			isa = PBXGroup;
			children = (
				F6100A512565E4F500B8122A /* Pricing Right */,
				F6100A502565E4F500B8122A /* Products */,
				0E2622B1F43E60C3B7931A87 /* Pods */,
				D46974CC96E31E5C335CAF00 /* Frameworks */,
			);
			sourceTree = "<group>";
		};
		F6100A502565E4F500B8122A /* Products */ = {
			isa = PBXGroup;
			children = (
				F6100A4F2565E4F500B8122A /* Pricing Right.app */,
			);
			name = Products;
			sourceTree = "<group>";
		};
		F6100A512565E4F500B8122A /* Pricing Right */ = {
			isa = PBXGroup;
			children = (
				F6100AE72568269E00B8122A /* Model */,
				F6100AE22567AFE300B8122A /* SupportFiles */,
				F6100A522565E4F500B8122A /* AppDelegate.swift */,
				F6100A542565E4F500B8122A /* SceneDelegate.swift */,
				F6100AD525671FA600B8122A /* Controller */,
				F6100AAC25671F4400B8122A /* View */,
				F6100A5B2565E4F700B8122A /* Assets.xcassets */,
				F6100AD425671F8000B8122A /* One_dance.ttf */,
				F6100A5D2565E4F700B8122A /* LaunchScreen.storyboard */,
				F6100A602565E4F700B8122A /* Info.plist */,
				F6100A832565E9F500B8122A /* GoogleService-Info.plist */,
			);
			path = "Pricing Right";
			sourceTree = "<group>";
		};
		F6100AAC25671F4400B8122A /* View */ = {
			isa = PBXGroup;
			children = (
				F6D228C6256C68F2001F3960 /* DesignView.swift */,
				F6100A582565E4F500B8122A /* Main.storyboard */,
				F6D228C9256C7125001F3960 /* CardTableViewCell.swift */,
			);
			path = View;
			sourceTree = "<group>";
		};
		F6100AD525671FA600B8122A /* Controller */ = {
			isa = PBXGroup;
			children = (
				F6100ADF2567AFD700B8122A /* TextFieldNilExtenstion.swift */,
				F6100A562565E4F500B8122A /* ViewController.swift */,
				F63E1D9C2573280D000762DC /* buttonExtention.swift */,
				F6100ADC25674B6100B8122A /* Prompts.swift */,
				F6D228C3256C6702001F3960 /* ClientTableViewControllerwithCard.swift */,
				F6100AD625671FE000B8122A /* PopUpInputVC.swift */,
			);
			path = Controller;
			sourceTree = "<group>";
		};
		F6100AE22567AFE300B8122A /* SupportFiles */ = {
			isa = PBXGroup;
			children = (
			);
			path = SupportFiles;
			sourceTree = "<group>";
		};
		F6100AE72568269E00B8122A /* Model */ = {
			isa = PBXGroup;
			children = (
				F6100AE8256830FA00B8122A /* ClientLoading.swift */,
				F63E1D9F25735733000762DC /* Queries.swift */,
				F6100AA92566A85C00B8122A /* Global variables.swift */,
			);
			path = Model;
			sourceTree = "<group>";
		};
/* End PBXGroup section */

/* Begin PBXNativeTarget section */
		F6100A4E2565E4F500B8122A /* Pricing Right */ = {
			isa = PBXNativeTarget;
			buildConfigurationList = F6100A632565E4F700B8122A /* Build configuration list for PBXNativeTarget "Pricing Right" */;
			buildPhases = (
				AACB683C5E85CC4DAA868445 /* [CP] Check Pods Manifest.lock */,
				F6100A4B2565E4F500B8122A /* Sources */,
				F6100A4C2565E4F500B8122A /* Frameworks */,
				F6100A4D2565E4F500B8122A /* Resources */,
				051A689E5F225C3BB5A4D470 /* [CP] Embed Pods Frameworks */,
				340D3FB0A9544EA6C712C932 /* [CP] Copy Pods Resources */,
			);
			buildRules = (
			);
			dependencies = (
			);
			name = "Pricing Right";
			productName = "Pricing Right";
			productReference = F6100A4F2565E4F500B8122A /* Pricing Right.app */;
			productType = "com.apple.product-type.application";
		};
/* End PBXNativeTarget section */

/* Begin PBXProject section */
		F6100A472565E4F500B8122A /* Project object */ = {
			isa = PBXProject;
			attributes = {
				LastSwiftUpdateCheck = 1220;
				LastUpgradeCheck = 1220;
				TargetAttributes = {
					F6100A4E2565E4F500B8122A = {
						CreatedOnToolsVersion = 12.2;
					};
				};
			};
			buildConfigurationList = F6100A4A2565E4F500B8122A /* Build configuration list for PBXProject "Pricing Right" */;
			compatibilityVersion = "Xcode 9.3";
			developmentRegion = en;
			hasScannedForEncodings = 0;
			knownRegions = (
				en,
				Base,
			);
			mainGroup = F6100A462565E4F500B8122A;
			productRefGroup = F6100A502565E4F500B8122A /* Products */;
			projectDirPath = "";
			projectRoot = "";
			targets = (
				F6100A4E2565E4F500B8122A /* Pricing Right */,
			);
		};
/* End PBXProject section */

/* Begin PBXResourcesBuildPhase section */
		F6100A4D2565E4F500B8122A /* Resources */ = {
			isa = PBXResourcesBuildPhase;
			buildActionMask = 2147483647;
			files = (
				F6100A5F2565E4F700B8122A /* LaunchScreen.storyboard in Resources */,
				F6100A842565E9F500B8122A /* GoogleService-Info.plist in Resources */,
				F6100A5C2565E4F700B8122A /* Assets.xcassets in Resources */,
				F6100A5A2565E4F500B8122A /* Main.storyboard in Resources */,
			);
			runOnlyForDeploymentPostprocessing = 0;
		};
/* End PBXResourcesBuildPhase section */

/* Begin PBXShellScriptBuildPhase section */
		051A689E5F225C3BB5A4D470 /* [CP] Embed Pods Frameworks */ = {
			isa = PBXShellScriptBuildPhase;
			buildActionMask = 2147483647;
			files = (
			);
			inputFileListPaths = (
				"${PODS_ROOT}/Target Support Files/Pods-Pricing Right/Pods-Pricing Right-frameworks-${CONFIGURATION}-input-files.xcfilelist",
			);
			name = "[CP] Embed Pods Frameworks";
			outputFileListPaths = (
				"${PODS_ROOT}/Target Support Files/Pods-Pricing Right/Pods-Pricing Right-frameworks-${CONFIGURATION}-output-files.xcfilelist",
			);
			runOnlyForDeploymentPostprocessing = 0;
			shellPath = /bin/sh;
			shellScript = "\"${PODS_ROOT}/Target Support Files/Pods-Pricing Right/Pods-Pricing Right-frameworks.sh\"\n";
			showEnvVarsInLog = 0;
		};
		340D3FB0A9544EA6C712C932 /* [CP] Copy Pods Resources */ = {
			isa = PBXShellScriptBuildPhase;
			buildActionMask = 2147483647;
			files = (
			);
			inputFileListPaths = (
				"${PODS_ROOT}/Target Support Files/Pods-Pricing Right/Pods-Pricing Right-resources-${CONFIGURATION}-input-files.xcfilelist",
			);
			name = "[CP] Copy Pods Resources";
			outputFileListPaths = (
				"${PODS_ROOT}/Target Support Files/Pods-Pricing Right/Pods-Pricing Right-resources-${CONFIGURATION}-output-files.xcfilelist",
			);
			runOnlyForDeploymentPostprocessing = 0;
			shellPath = /bin/sh;
			shellScript = "\"${PODS_ROOT}/Target Support Files/Pods-Pricing Right/Pods-Pricing Right-resources.sh\"\n";
			showEnvVarsInLog = 0;
		};
		AACB683C5E85CC4DAA868445 /* [CP] Check Pods Manifest.lock */ = {
			isa = PBXShellScriptBuildPhase;
			buildActionMask = 2147483647;
			files = (
			);
			inputFileListPaths = (
			);
			inputPaths = (
				"${PODS_PODFILE_DIR_PATH}/Podfile.lock",
				"${PODS_ROOT}/Manifest.lock",
			);
			name = "[CP] Check Pods Manifest.lock";
			outputFileListPaths = (
			);
			outputPaths = (
				"$(DERIVED_FILE_DIR)/Pods-Pricing Right-checkManifestLockResult.txt",
			);
			runOnlyForDeploymentPostprocessing = 0;
			shellPath = /bin/sh;
			shellScript = "diff \"${PODS_PODFILE_DIR_PATH}/Podfile.lock\" \"${PODS_ROOT}/Manifest.lock\" > /dev/null\nif [ $? != 0 ] ; then\n    # print error to STDERR\n    echo \"error: The sandbox is not in sync with the Podfile.lock. Run 'pod install' or update your CocoaPods installation.\" >&2\n    exit 1\nfi\n# This output is used by Xcode 'outputs' to avoid re-running this script phase.\necho \"SUCCESS\" > \"${SCRIPT_OUTPUT_FILE_0}\"\n";
			showEnvVarsInLog = 0;
		};
/* End PBXShellScriptBuildPhase section */

/* Begin PBXSourcesBuildPhase section */
		F6100A4B2565E4F500B8122A /* Sources */ = {
			isa = PBXSourcesBuildPhase;
			buildActionMask = 2147483647;
			files = (
				F6100A572565E4F500B8122A /* ViewController.swift in Sources */,
				F6100A532565E4F500B8122A /* AppDelegate.swift in Sources */,
				F63E1D9D2573280D000762DC /* buttonExtention.swift in Sources */,
				F6100AD725671FE000B8122A /* PopUpInputVC.swift in Sources */,
				F6D228C4256C6702001F3960 /* ClientTableViewControllerwithCard.swift in Sources */,
				F6100AE9256830FA00B8122A /* ClientLoading.swift in Sources */,
				F6100A552565E4F500B8122A /* SceneDelegate.swift in Sources */,
				F6100ADD25674B6100B8122A /* Prompts.swift in Sources */,
				F6D228CA256C7125001F3960 /* CardTableViewCell.swift in Sources */,
				F6D228C7256C68F2001F3960 /* DesignView.swift in Sources */,
				F63E1DA025735733000762DC /* Queries.swift in Sources */,
				F6100AE02567AFD700B8122A /* TextFieldNilExtenstion.swift in Sources */,
				F6100AAA2566A85C00B8122A /* Global variables.swift in Sources */,
			);
			runOnlyForDeploymentPostprocessing = 0;
		};
/* End PBXSourcesBuildPhase section */

/* Begin PBXVariantGroup section */
		F6100A582565E4F500B8122A /* Main.storyboard */ = {
			isa = PBXVariantGroup;
			children = (
				F6100A592565E4F500B8122A /* Base */,
			);
			name = Main.storyboard;
			sourceTree = "<group>";
		};
		F6100A5D2565E4F700B8122A /* LaunchScreen.storyboard */ = {
			isa = PBXVariantGroup;
			children = (
				F6100A5E2565E4F700B8122A /* Base */,
			);
			name = LaunchScreen.storyboard;
			sourceTree = "<group>";
		};
/* End PBXVariantGroup section */

/* Begin XCBuildConfiguration section */
		F6100A612565E4F700B8122A /* Debug */ = {
			isa = XCBuildConfiguration;
			buildSettings = {
				ALWAYS_SEARCH_USER_PATHS = NO;
				CLANG_ANALYZER_NONNULL = YES;
				CLANG_ANALYZER_NUMBER_OBJECT_CONVERSION = YES_AGGRESSIVE;
				CLANG_CXX_LANGUAGE_STANDARD = "gnu++14";
				CLANG_CXX_LIBRARY = "libc++";
				CLANG_ENABLE_MODULES = YES;
				CLANG_ENABLE_OBJC_ARC = YES;
				CLANG_ENABLE_OBJC_WEAK = YES;
				CLANG_WARN_BLOCK_CAPTURE_AUTORELEASING = YES;
				CLANG_WARN_BOOL_CONVERSION = YES;
				CLANG_WARN_COMMA = YES;
				CLANG_WARN_CONSTANT_CONVERSION = YES;
				CLANG_WARN_DEPRECATED_OBJC_IMPLEMENTATIONS = YES;
				CLANG_WARN_DIRECT_OBJC_ISA_USAGE = YES_ERROR;
				CLANG_WARN_DOCUMENTATION_COMMENTS = YES;
				CLANG_WARN_EMPTY_BODY = YES;
				CLANG_WARN_ENUM_CONVERSION = YES;
				CLANG_WARN_INFINITE_RECURSION = YES;
				CLANG_WARN_INT_CONVERSION = YES;
				CLANG_WARN_NON_LITERAL_NULL_CONVERSION = YES;
				CLANG_WARN_OBJC_IMPLICIT_RETAIN_SELF = YES;
				CLANG_WARN_OBJC_LITERAL_CONVERSION = YES;
				CLANG_WARN_OBJC_ROOT_CLASS = YES_ERROR;
				CLANG_WARN_QUOTED_INCLUDE_IN_FRAMEWORK_HEADER = YES;
				CLANG_WARN_RANGE_LOOP_ANALYSIS = YES;
				CLANG_WARN_STRICT_PROTOTYPES = YES;
				CLANG_WARN_SUSPICIOUS_MOVE = YES;
				CLANG_WARN_UNGUARDED_AVAILABILITY = YES_AGGRESSIVE;
				CLANG_WARN_UNREACHABLE_CODE = YES;
				CLANG_WARN__DUPLICATE_METHOD_MATCH = YES;
				COPY_PHASE_STRIP = NO;
				DEBUG_INFORMATION_FORMAT = dwarf;
				ENABLE_STRICT_OBJC_MSGSEND = YES;
				ENABLE_TESTABILITY = YES;
				GCC_C_LANGUAGE_STANDARD = gnu11;
				GCC_DYNAMIC_NO_PIC = NO;
				GCC_NO_COMMON_BLOCKS = YES;
				GCC_OPTIMIZATION_LEVEL = 0;
				GCC_PREPROCESSOR_DEFINITIONS = (
					"DEBUG=1",
					"$(inherited)",
				);
				GCC_WARN_64_TO_32_BIT_CONVERSION = YES;
				GCC_WARN_ABOUT_RETURN_TYPE = YES_ERROR;
				GCC_WARN_UNDECLARED_SELECTOR = YES;
				GCC_WARN_UNINITIALIZED_AUTOS = YES_AGGRESSIVE;
				GCC_WARN_UNUSED_FUNCTION = YES;
				GCC_WARN_UNUSED_VARIABLE = YES;
				IPHONEOS_DEPLOYMENT_TARGET = 14.2;
				MTL_ENABLE_DEBUG_INFO = INCLUDE_SOURCE;
				MTL_FAST_MATH = YES;
				ONLY_ACTIVE_ARCH = YES;
				SDKROOT = iphoneos;
				SWIFT_ACTIVE_COMPILATION_CONDITIONS = DEBUG;
				SWIFT_OPTIMIZATION_LEVEL = "-Onone";
			};
			name = Debug;
		};
		F6100A622565E4F700B8122A /* Release */ = {
			isa = XCBuildConfiguration;
			buildSettings = {
				ALWAYS_SEARCH_USER_PATHS = NO;
				CLANG_ANALYZER_NONNULL = YES;
				CLANG_ANALYZER_NUMBER_OBJECT_CONVERSION = YES_AGGRESSIVE;
				CLANG_CXX_LANGUAGE_STANDARD = "gnu++14";
				CLANG_CXX_LIBRARY = "libc++";
				CLANG_ENABLE_MODULES = YES;
				CLANG_ENABLE_OBJC_ARC = YES;
				CLANG_ENABLE_OBJC_WEAK = YES;
				CLANG_WARN_BLOCK_CAPTURE_AUTORELEASING = YES;
				CLANG_WARN_BOOL_CONVERSION = YES;
				CLANG_WARN_COMMA = YES;
				CLANG_WARN_CONSTANT_CONVERSION = YES;
				CLANG_WARN_DEPRECATED_OBJC_IMPLEMENTATIONS = YES;
				CLANG_WARN_DIRECT_OBJC_ISA_USAGE = YES_ERROR;
				CLANG_WARN_DOCUMENTATION_COMMENTS = YES;
				CLANG_WARN_EMPTY_BODY = YES;
				CLANG_WARN_ENUM_CONVERSION = YES;
				CLANG_WARN_INFINITE_RECURSION = YES;
				CLANG_WARN_INT_CONVERSION = YES;
				CLANG_WARN_NON_LITERAL_NULL_CONVERSION = YES;
				CLANG_WARN_OBJC_IMPLICIT_RETAIN_SELF = YES;
				CLANG_WARN_OBJC_LITERAL_CONVERSION = YES;
				CLANG_WARN_OBJC_ROOT_CLASS = YES_ERROR;
				CLANG_WARN_QUOTED_INCLUDE_IN_FRAMEWORK_HEADER = YES;
				CLANG_WARN_RANGE_LOOP_ANALYSIS = YES;
				CLANG_WARN_STRICT_PROTOTYPES = YES;
				CLANG_WARN_SUSPICIOUS_MOVE = YES;
				CLANG_WARN_UNGUARDED_AVAILABILITY = YES_AGGRESSIVE;
				CLANG_WARN_UNREACHABLE_CODE = YES;
				CLANG_WARN__DUPLICATE_METHOD_MATCH = YES;
				COPY_PHASE_STRIP = NO;
				DEBUG_INFORMATION_FORMAT = "dwarf-with-dsym";
				ENABLE_NS_ASSERTIONS = NO;
				ENABLE_STRICT_OBJC_MSGSEND = YES;
				GCC_C_LANGUAGE_STANDARD = gnu11;
				GCC_NO_COMMON_BLOCKS = YES;
				GCC_WARN_64_TO_32_BIT_CONVERSION = YES;
				GCC_WARN_ABOUT_RETURN_TYPE = YES_ERROR;
				GCC_WARN_UNDECLARED_SELECTOR = YES;
				GCC_WARN_UNINITIALIZED_AUTOS = YES_AGGRESSIVE;
				GCC_WARN_UNUSED_FUNCTION = YES;
				GCC_WARN_UNUSED_VARIABLE = YES;
				IPHONEOS_DEPLOYMENT_TARGET = 14.2;
				MTL_ENABLE_DEBUG_INFO = NO;
				MTL_FAST_MATH = YES;
				SDKROOT = iphoneos;
				SWIFT_COMPILATION_MODE = wholemodule;
				SWIFT_OPTIMIZATION_LEVEL = "-O";
				VALIDATE_PRODUCT = YES;
			};
			name = Release;
		};
		F6100A642565E4F700B8122A /* Debug */ = {
			isa = XCBuildConfiguration;
			baseConfigurationReference = 265684FB411FD8CE45C52C70 /* Pods-Pricing Right.debug.xcconfig */;
			buildSettings = {
				ASSETCATALOG_COMPILER_APPICON_NAME = AppIcon;
				ASSETCATALOG_COMPILER_GLOBAL_ACCENT_COLOR_NAME = AccentColor;
				CODE_SIGN_STYLE = Automatic;
				INFOPLIST_FILE = "Pricing Right/Info.plist";
				LD_RUNPATH_SEARCH_PATHS = (
					"$(inherited)",
					"@executable_path/Frameworks",
				);
				PRODUCT_BUNDLE_IDENTIFIER = "com.n28Tech.Pricing-Right";
				PRODUCT_NAME = "$(TARGET_NAME)";
				SWIFT_VERSION = 5.0;
				TARGETED_DEVICE_FAMILY = "1,2";
			};
			name = Debug;
		};
		F6100A652565E4F700B8122A /* Release */ = {
			isa = XCBuildConfiguration;
			baseConfigurationReference = 46A1889FEF912BAF0A70158E /* Pods-Pricing Right.release.xcconfig */;
			buildSettings = {
				ASSETCATALOG_COMPILER_APPICON_NAME = AppIcon;
				ASSETCATALOG_COMPILER_GLOBAL_ACCENT_COLOR_NAME = AccentColor;
				CODE_SIGN_STYLE = Automatic;
				INFOPLIST_FILE = "Pricing Right/Info.plist";
				LD_RUNPATH_SEARCH_PATHS = (
					"$(inherited)",
					"@executable_path/Frameworks",
				);
				PRODUCT_BUNDLE_IDENTIFIER = "com.n28Tech.Pricing-Right";
				PRODUCT_NAME = "$(TARGET_NAME)";
				SWIFT_VERSION = 5.0;
				TARGETED_DEVICE_FAMILY = "1,2";
			};
			name = Release;
		};
/* End XCBuildConfiguration section */

/* Begin XCConfigurationList section */
		F6100A4A2565E4F500B8122A /* Build configuration list for PBXProject "Pricing Right" */ = {
			isa = XCConfigurationList;
			buildConfigurations = (
				F6100A612565E4F700B8122A /* Debug */,
				F6100A622565E4F700B8122A /* Release */,
			);
			defaultConfigurationIsVisible = 0;
			defaultConfigurationName = Release;
		};
		F6100A632565E4F700B8122A /* Build configuration list for PBXNativeTarget "Pricing Right" */ = {
			isa = XCConfigurationList;
			buildConfigurations = (
				F6100A642565E4F700B8122A /* Debug */,
				F6100A652565E4F700B8122A /* Release */,
			);
			defaultConfigurationIsVisible = 0;
			defaultConfigurationName = Release;
		};
/* End XCConfigurationList section */
	};
	rootObject = F6100A472565E4F500B8122A /* Project object */;
}
